
Microsoft Visual Studio Solution File, Format Version 12.00
# Visual Studio Version 17
VisualStudioVersion = 17.10.34928.147
MinimumVisualStudioVersion = 10.0.40219.1
Project("{FAE04EC0-301F-11D3-BF4B-00C04F79EFBC}") = "Assignment-opp-1", "Assignment-opp-1\Assignment-opp-1.csproj", "{433389B6-6452-4848-B99E-8EAC8949F647}"
EndProject
Global
	GlobalSection(SolutionConfigurationPlatforms) = preSolution
		Debug|Any CPU = Debug|Any CPU
		Release|Any CPU = Release|Any CPU
	EndGlobalSection
	GlobalSection(ProjectConfigurationPlatforms) = postSolution
		{433389B6-6452-4848-B99E-8EAC8949F647}.Debug|Any CPU.ActiveCfg = Debug|Any CPU
		{433389B6-6452-4848-B99E-8EAC8949F647}.Debug|Any CPU.Build.0 = Debug|Any CPU
		{433389B6-6452-4848-B99E-8EAC8949F647}.Release|Any CPU.ActiveCfg = Release|Any CPU
		{433389B6-6452-4848-B99E-8EAC8949F647}.Release|Any CPU.Build.0 = Release|Any CPU
	EndGlobalSection
	GlobalSection(SolutionProperties) = preSolution
		HideSolutionNode = FALSE
	EndGlobalSection
	GlobalSection(ExtensibilityGlobals) = postSolution
		SolutionGuid = {38A2D816-DF0B-4488-82E7-FB2A565C5D85}
	EndGlobalSection
EndGlobal
